{
  "nodes": {
    "darwin": {
      "inputs": {
        "nixpkgs": [
          "nixpkgs"
        ]
      },
      "locked": {
        "lastModified": 1631730143,
        "narHash": "sha256-A8PaUyZu5WVp+IojG5q+39rjf5x57OFDYmVoDFPZLlY=",
        "owner": "lnl7",
        "repo": "nix-darwin",
        "rev": "e1a3f7292f085fd588d11f94ed0f47968c16df0c",
        "type": "github"
      },
      "original": {
        "owner": "lnl7",
        "ref": "master",
        "repo": "nix-darwin",
        "type": "github"
      }
    },
    "nixpkgs": {
      "locked": {
        "lastModified": 1632267285,
        "narHash": "sha256-6XuOEpUKVCD7gy/ktwDZ1h7vtLw9TNF1puCapQvRdTc=",
        "owner": "nixos",
        "repo": "nixpkgs",
        "rev": "a403c08ee0811b6feea4a54d71d831c4dd83090f",
        "type": "github"
      },
      "original": {
        "owner": "nixos",
        "repo": "nixpkgs",
        "rev": "a403c08ee0811b6feea4a54d71d831c4dd83090f",
        "type": "github"
      }
    },
    "root": {
      "inputs": {
        "darwin": "darwin",
        "nixpkgs": "nixpkgs",
        "unstable": "unstable"
      }
    },
    "unstable": {
      "locked": {
        "lastModified": 1633019988,
        "narHash": "sha256-7RgkNZPukkMKXKtnJfICvOsCRKks5zr5uWVXMi6h4DI=",
        "owner": "nixos",
        "repo": "nixpkgs",
        "rev": "bb9fb3d3eb6da10fd1117556c894ebc2dc917263",
        "type": "github"
      },
      "original": {
        "owner": "nixos",
        "repo": "nixpkgs",
        "rev": "bb9fb3d3eb6da10fd1117556c894ebc2dc917263",
        "type": "github"
      }
    }
  },
  "root": "root",
  "version": 7
}
